
Microsoft Visual Studio Solution File, Format Version 12.00
# Visual Studio Version 16
VisualStudioVersion = 16.0.29911.84
MinimumVisualStudioVersion = 10.0.40219.1
Project("{FAE04EC0-301F-11D3-BF4B-00C04F79EFBC}") = "Business Helper", "Business Helper\Business Helper.csproj", "{13431A0C-C8BC-427D-B2E7-10BE78FFAF07}"
EndProject
Global
	GlobalSection(SolutionConfigurationPlatforms) = preSolution
		Debug|Any CPU = Debug|Any CPU
		Release|Any CPU = Release|Any CPU
	EndGlobalSection
	GlobalSection(ProjectConfigurationPlatforms) = postSolution
		{13431A0C-C8BC-427D-B2E7-10BE78FFAF07}.Debug|Any CPU.ActiveCfg = Debug|Any CPU
		{13431A0C-C8BC-427D-B2E7-10BE78FFAF07}.Debug|Any CPU.Build.0 = Debug|Any CPU
		{13431A0C-C8BC-427D-B2E7-10BE78FFAF07}.Release|Any CPU.ActiveCfg = Release|Any CPU
		{13431A0C-C8BC-427D-B2E7-10BE78FFAF07}.Release|Any CPU.Build.0 = Release|Any CPU
	EndGlobalSection
	GlobalSection(SolutionProperties) = preSolution
		HideSolutionNode = FALSE
	EndGlobalSection
	GlobalSection(ExtensibilityGlobals) = postSolution
		SolutionGuid = {ADEBC757-DC13-4045-A6FD-13C4D6B61225}
	EndGlobalSection
EndGlobal
